
Microsoft Visual Studio Solution File, Format Version 12.00
# Visual Studio Version 17
VisualStudioVersion = 17.3.32804.467
MinimumVisualStudioVersion = 10.0.40219.1
Project("{9A19103F-16F7-4668-BE54-9A1E7A4F7556}") = "EEGVis V2", "EEGVis V2\EEGVis V2.csproj", "{4D7D413A-6923-46B6-A539-FC09ECF81509}"
EndProject
Project("{8BC9CEB8-8B4A-11D0-8D11-00A0C91BC942}") = "FastSerial", "FastSerial\FastSerial.vcxproj", "{656B22E5-6A92-4D8B-9C50-9A545D0D2FC9}"
EndProject
Project("{8BC9CEB8-8B4A-11D0-8D11-00A0C91BC942}") = "TestFastSerial", "TestFastSerial\TestFastSerial.vcxproj", "{E2E8C4B9-C8C4-4FAC-80FD-13931F09A839}"
EndProject
Project("{8BC9CEB8-8B4A-11D0-8D11-00A0C91BC942}") = "FastSerialLib", "FastSerialLib\FastSerialLib.vcxproj", "{8721A1D7-226B-462A-BF68-456CDCBA5656}"
EndProject
Project("{8BC9CEB8-8B4A-11D0-8D11-00A0C91BC942}") = "FastSerialLibWrapper", "FastSerialLibWrapper\FastSerialLibWrapper.vcxproj", "{DBDF6150-5B7C-451C-AAD1-4B2B7ABBFB36}"
EndProject
Global
	GlobalSection(SolutionConfigurationPlatforms) = preSolution
		Debug|Any CPU = Debug|Any CPU
		Debug|x64 = Debug|x64
		Debug|x86 = Debug|x86
		Release|Any CPU = Release|Any CPU
		Release|x64 = Release|x64
		Release|x86 = Release|x86
	EndGlobalSection
	GlobalSection(ProjectConfigurationPlatforms) = postSolution
		{4D7D413A-6923-46B6-A539-FC09ECF81509}.Debug|Any CPU.ActiveCfg = Debug|Any CPU
		{4D7D413A-6923-46B6-A539-FC09ECF81509}.Debug|Any CPU.Build.0 = Debug|Any CPU
		{4D7D413A-6923-46B6-A539-FC09ECF81509}.Debug|x64.ActiveCfg = Debug|Any CPU
		{4D7D413A-6923-46B6-A539-FC09ECF81509}.Debug|x64.Build.0 = Debug|Any CPU
		{4D7D413A-6923-46B6-A539-FC09ECF81509}.Debug|x86.ActiveCfg = Debug|Any CPU
		{4D7D413A-6923-46B6-A539-FC09ECF81509}.Debug|x86.Build.0 = Debug|Any CPU
		{4D7D413A-6923-46B6-A539-FC09ECF81509}.Release|Any CPU.ActiveCfg = Release|Any CPU
		{4D7D413A-6923-46B6-A539-FC09ECF81509}.Release|Any CPU.Build.0 = Release|Any CPU
		{4D7D413A-6923-46B6-A539-FC09ECF81509}.Release|x64.ActiveCfg = Release|Any CPU
		{4D7D413A-6923-46B6-A539-FC09ECF81509}.Release|x64.Build.0 = Release|Any CPU
		{4D7D413A-6923-46B6-A539-FC09ECF81509}.Release|x86.ActiveCfg = Release|Any CPU
		{4D7D413A-6923-46B6-A539-FC09ECF81509}.Release|x86.Build.0 = Release|Any CPU
		{656B22E5-6A92-4D8B-9C50-9A545D0D2FC9}.Debug|Any CPU.ActiveCfg = Debug|x64
		{656B22E5-6A92-4D8B-9C50-9A545D0D2FC9}.Debug|Any CPU.Build.0 = Debug|x64
		{656B22E5-6A92-4D8B-9C50-9A545D0D2FC9}.Debug|x64.ActiveCfg = Debug|x64
		{656B22E5-6A92-4D8B-9C50-9A545D0D2FC9}.Debug|x64.Build.0 = Debug|x64
		{656B22E5-6A92-4D8B-9C50-9A545D0D2FC9}.Debug|x86.ActiveCfg = Debug|Win32
		{656B22E5-6A92-4D8B-9C50-9A545D0D2FC9}.Debug|x86.Build.0 = Debug|Win32
		{656B22E5-6A92-4D8B-9C50-9A545D0D2FC9}.Release|Any CPU.ActiveCfg = Release|x64
		{656B22E5-6A92-4D8B-9C50-9A545D0D2FC9}.Release|Any CPU.Build.0 = Release|x64
		{656B22E5-6A92-4D8B-9C50-9A545D0D2FC9}.Release|x64.ActiveCfg = Release|x64
		{656B22E5-6A92-4D8B-9C50-9A545D0D2FC9}.Release|x64.Build.0 = Release|x64
		{656B22E5-6A92-4D8B-9C50-9A545D0D2FC9}.Release|x86.ActiveCfg = Release|Win32
		{656B22E5-6A92-4D8B-9C50-9A545D0D2FC9}.Release|x86.Build.0 = Release|Win32
		{E2E8C4B9-C8C4-4FAC-80FD-13931F09A839}.Debug|Any CPU.ActiveCfg = Debug|x64
		{E2E8C4B9-C8C4-4FAC-80FD-13931F09A839}.Debug|Any CPU.Build.0 = Debug|x64
		{E2E8C4B9-C8C4-4FAC-80FD-13931F09A839}.Debug|x64.ActiveCfg = Debug|x64
		{E2E8C4B9-C8C4-4FAC-80FD-13931F09A839}.Debug|x64.Build.0 = Debug|x64
		{E2E8C4B9-C8C4-4FAC-80FD-13931F09A839}.Debug|x86.ActiveCfg = Debug|Win32
		{E2E8C4B9-C8C4-4FAC-80FD-13931F09A839}.Debug|x86.Build.0 = Debug|Win32
		{E2E8C4B9-C8C4-4FAC-80FD-13931F09A839}.Release|Any CPU.ActiveCfg = Release|x64
		{E2E8C4B9-C8C4-4FAC-80FD-13931F09A839}.Release|Any CPU.Build.0 = Release|x64
		{E2E8C4B9-C8C4-4FAC-80FD-13931F09A839}.Release|x64.ActiveCfg = Release|x64
		{E2E8C4B9-C8C4-4FAC-80FD-13931F09A839}.Release|x64.Build.0 = Release|x64
		{E2E8C4B9-C8C4-4FAC-80FD-13931F09A839}.Release|x86.ActiveCfg = Release|Win32
		{E2E8C4B9-C8C4-4FAC-80FD-13931F09A839}.Release|x86.Build.0 = Release|Win32
		{8721A1D7-226B-462A-BF68-456CDCBA5656}.Debug|Any CPU.ActiveCfg = Debug|x64
		{8721A1D7-226B-462A-BF68-456CDCBA5656}.Debug|Any CPU.Build.0 = Debug|x64
		{8721A1D7-226B-462A-BF68-456CDCBA5656}.Debug|x64.ActiveCfg = Debug|x64
		{8721A1D7-226B-462A-BF68-456CDCBA5656}.Debug|x64.Build.0 = Debug|x64
		{8721A1D7-226B-462A-BF68-456CDCBA5656}.Debug|x86.ActiveCfg = Debug|Win32
		{8721A1D7-226B-462A-BF68-456CDCBA5656}.Debug|x86.Build.0 = Debug|Win32
		{8721A1D7-226B-462A-BF68-456CDCBA5656}.Release|Any CPU.ActiveCfg = Release|x64
		{8721A1D7-226B-462A-BF68-456CDCBA5656}.Release|Any CPU.Build.0 = Release|x64
		{8721A1D7-226B-462A-BF68-456CDCBA5656}.Release|x64.ActiveCfg = Release|x64
		{8721A1D7-226B-462A-BF68-456CDCBA5656}.Release|x64.Build.0 = Release|x64
		{8721A1D7-226B-462A-BF68-456CDCBA5656}.Release|x86.ActiveCfg = Release|Win32
		{8721A1D7-226B-462A-BF68-456CDCBA5656}.Release|x86.Build.0 = Release|Win32
		{DBDF6150-5B7C-451C-AAD1-4B2B7ABBFB36}.Debug|Any CPU.ActiveCfg = Debug|x64
		{DBDF6150-5B7C-451C-AAD1-4B2B7ABBFB36}.Debug|Any CPU.Build.0 = Debug|x64
		{DBDF6150-5B7C-451C-AAD1-4B2B7ABBFB36}.Debug|x64.ActiveCfg = Debug|x64
		{DBDF6150-5B7C-451C-AAD1-4B2B7ABBFB36}.Debug|x64.Build.0 = Debug|x64
		{DBDF6150-5B7C-451C-AAD1-4B2B7ABBFB36}.Debug|x86.ActiveCfg = Debug|Win32
		{DBDF6150-5B7C-451C-AAD1-4B2B7ABBFB36}.Debug|x86.Build.0 = Debug|Win32
		{DBDF6150-5B7C-451C-AAD1-4B2B7ABBFB36}.Release|Any CPU.ActiveCfg = Release|x64
		{DBDF6150-5B7C-451C-AAD1-4B2B7ABBFB36}.Release|Any CPU.Build.0 = Release|x64
		{DBDF6150-5B7C-451C-AAD1-4B2B7ABBFB36}.Release|x64.ActiveCfg = Release|x64
		{DBDF6150-5B7C-451C-AAD1-4B2B7ABBFB36}.Release|x64.Build.0 = Release|x64
		{DBDF6150-5B7C-451C-AAD1-4B2B7ABBFB36}.Release|x86.ActiveCfg = Release|Win32
		{DBDF6150-5B7C-451C-AAD1-4B2B7ABBFB36}.Release|x86.Build.0 = Release|Win32
	EndGlobalSection
	GlobalSection(SolutionProperties) = preSolution
		HideSolutionNode = FALSE
	EndGlobalSection
	GlobalSection(ExtensibilityGlobals) = postSolution
		SolutionGuid = {281E753E-4413-4270-9EDB-1F6605B5E201}
	EndGlobalSection
EndGlobal
